
Microsoft Visual Studio Solution File, Format Version 12.00
# Visual Studio Version 16
VisualStudioVersion = 16.0.32929.386
MinimumVisualStudioVersion = 10.0.40219.1
Project("{FAE04EC0-301F-11D3-BF4B-00C04F79EFBC}") = "ConsoleApp35", "ConsoleApp35.csproj", "{21EA72F7-C466-4357-919B-CD5B52899D00}"
EndProject
Global
	GlobalSection(SolutionConfigurationPlatforms) = preSolution
		Debug|Any CPU = Debug|Any CPU
		Release|Any CPU = Release|Any CPU
	EndGlobalSection
	GlobalSection(ProjectConfigurationPlatforms) = postSolution
		{21EA72F7-C466-4357-919B-CD5B52899D00}.Debug|Any CPU.ActiveCfg = Debug|Any CPU
		{21EA72F7-C466-4357-919B-CD5B52899D00}.Debug|Any CPU.Build.0 = Debug|Any CPU
		{21EA72F7-C466-4357-919B-CD5B52899D00}.Release|Any CPU.ActiveCfg = Release|Any CPU
		{21EA72F7-C466-4357-919B-CD5B52899D00}.Release|Any CPU.Build.0 = Release|Any CPU
	EndGlobalSection
	GlobalSection(SolutionProperties) = preSolution
		HideSolutionNode = FALSE
	EndGlobalSection
	GlobalSection(ExtensibilityGlobals) = postSolution
		SolutionGuid = {9B25DBF8-8A40-4596-BE75-23680ECE52B3}
	EndGlobalSection
EndGlobal
